// !$*UTF8*$!
{
	archiveVersion = 1;
	classes = {
	};
	objectVersion = 51;
	objects = {

/* Begin PBXBuildFile section */
		2C106FCC2458E88D0046A91A /* Tutorial+Convenience.swift in Sources */ = {isa = PBXBuildFile; fileRef = 2C106FCB2458E88D0046A91A /* Tutorial+Convenience.swift */; };
		2C106FCE245900350046A91A /* User+Convenience.swift in Sources */ = {isa = PBXBuildFile; fileRef = 2C106FCD245900350046A91A /* User+Convenience.swift */; };
		2C43351C2459FB1900485A74 /* UserController.swift in Sources */ = {isa = PBXBuildFile; fileRef = 2C43351B2459FB1900485A74 /* UserController.swift */; };
		2C43351E245A1F8600485A74 /* HomeScreenTableViewController.swift in Sources */ = {isa = PBXBuildFile; fileRef = 2C43351D245A1F8600485A74 /* HomeScreenTableViewController.swift */; };
		2C433520245A250C00485A74 /* CreateTutorialViewController.swift in Sources */ = {isa = PBXBuildFile; fileRef = 2C43351F245A250C00485A74 /* CreateTutorialViewController.swift */; };
		2C433524245A67F300485A74 /* OnboardingViewController.swift in Sources */ = {isa = PBXBuildFile; fileRef = 2C433523245A67F300485A74 /* OnboardingViewController.swift */; };
		2C696FB12458A12000B6BFC9 /* AppDelegate.swift in Sources */ = {isa = PBXBuildFile; fileRef = 2C696FB02458A12000B6BFC9 /* AppDelegate.swift */; };
		2C696FB32458A12000B6BFC9 /* SceneDelegate.swift in Sources */ = {isa = PBXBuildFile; fileRef = 2C696FB22458A12000B6BFC9 /* SceneDelegate.swift */; };
		2C696FB82458A12000B6BFC9 /* Main.storyboard in Resources */ = {isa = PBXBuildFile; fileRef = 2C696FB62458A12000B6BFC9 /* Main.storyboard */; };
		2C696FBA2458A12200B6BFC9 /* Assets.xcassets in Resources */ = {isa = PBXBuildFile; fileRef = 2C696FB92458A12200B6BFC9 /* Assets.xcassets */; };
		2C696FBD2458A12200B6BFC9 /* LaunchScreen.storyboard in Resources */ = {isa = PBXBuildFile; fileRef = 2C696FBB2458A12200B6BFC9 /* LaunchScreen.storyboard */; };
		2C7646E32458ACCA00AE26EB /* Play-Bold.ttf in Resources */ = {isa = PBXBuildFile; fileRef = 2C7646DE2458ACCA00AE26EB /* Play-Bold.ttf */; };
		2C7646E42458ACCA00AE26EB /* Oswald-Bold.ttf in Resources */ = {isa = PBXBuildFile; fileRef = 2C7646DF2458ACCA00AE26EB /* Oswald-Bold.ttf */; };
		2C7646E52458ACCA00AE26EB /* Play-Regular.ttf in Resources */ = {isa = PBXBuildFile; fileRef = 2C7646E02458ACCA00AE26EB /* Play-Regular.ttf */; };
		2C7646E62458ACCA00AE26EB /* Caudex-Bold.ttf in Resources */ = {isa = PBXBuildFile; fileRef = 2C7646E12458ACCA00AE26EB /* Caudex-Bold.ttf */; };
		2C7646E72458ACCA00AE26EB /* Caudex-Regular.ttf in Resources */ = {isa = PBXBuildFile; fileRef = 2C7646E22458ACCA00AE26EB /* Caudex-Regular.ttf */; };
		2C7646F72458BD6800AE26EB /* GoogleService-Info.plist in Resources */ = {isa = PBXBuildFile; fileRef = 2C7646F62458BD6800AE26EB /* GoogleService-Info.plist */; };
		2CD57B87245A69F900388B30 /* TutorialDetailViewController.swift in Sources */ = {isa = PBXBuildFile; fileRef = 2CD57B86245A69F900388B30 /* TutorialDetailViewController.swift */; };
		2CD57B89245A6DB800388B30 /* TutorialTableViewCell.swift in Sources */ = {isa = PBXBuildFile; fileRef = 2CD57B88245A6DB800388B30 /* TutorialTableViewCell.swift */; };
		2CD57B8B245A715500388B30 /* OnboardingTextField.swift in Sources */ = {isa = PBXBuildFile; fileRef = 2CD57B8A245A715500388B30 /* OnboardingTextField.swift */; };
		994DA1F8245A13B100FF932F /* Bearer.swift in Sources */ = {isa = PBXBuildFile; fileRef = 994DA1F7245A13B100FF932F /* Bearer.swift */; };
		99824F092458DDEC0065AB1B /* UserRepresentation.swift in Sources */ = {isa = PBXBuildFile; fileRef = 99824F082458DDEC0065AB1B /* UserRepresentation.swift */; };
		99824F0B2458DE500065AB1B /* TutorialRepresentation.swift in Sources */ = {isa = PBXBuildFile; fileRef = 99824F0A2458DE500065AB1B /* TutorialRepresentation.swift */; };
		99824F0D2458DF560065AB1B /* CoreDataStack.swift in Sources */ = {isa = PBXBuildFile; fileRef = 99824F0C2458DF560065AB1B /* CoreDataStack.swift */; };
		99A73F35245B5CFE00092B5B /* Guides.xcdatamodeld in Sources */ = {isa = PBXBuildFile; fileRef = 99A73F33245B5CFE00092B5B /* Guides.xcdatamodeld */; };
		99AAE4A92459095500424019 /* TutorialController.swift in Sources */ = {isa = PBXBuildFile; fileRef = 99AAE4A82459095500424019 /* TutorialController.swift */; };
		EF58345285F435652FE3C695 /* Pods_HowTo.framework in Frameworks */ = {isa = PBXBuildFile; fileRef = 59905A12DE78EEA66077DE52 /* Pods_HowTo.framework */; };
/* End PBXBuildFile section */

/* Begin PBXFileReference section */
		2C106FCB2458E88D0046A91A /* Tutorial+Convenience.swift */ = {isa = PBXFileReference; lastKnownFileType = sourcecode.swift; path = "Tutorial+Convenience.swift"; sourceTree = "<group>"; };
		2C106FCD245900350046A91A /* User+Convenience.swift */ = {isa = PBXFileReference; lastKnownFileType = sourcecode.swift; path = "User+Convenience.swift"; sourceTree = "<group>"; };
		2C43351B2459FB1900485A74 /* UserController.swift */ = {isa = PBXFileReference; fileEncoding = 4; lastKnownFileType = sourcecode.swift; path = UserController.swift; sourceTree = "<group>"; };
		2C43351D245A1F8600485A74 /* HomeScreenTableViewController.swift */ = {isa = PBXFileReference; lastKnownFileType = sourcecode.swift; path = HomeScreenTableViewController.swift; sourceTree = "<group>"; };
		2C43351F245A250C00485A74 /* CreateTutorialViewController.swift */ = {isa = PBXFileReference; lastKnownFileType = sourcecode.swift; path = CreateTutorialViewController.swift; sourceTree = "<group>"; };
		2C433523245A67F300485A74 /* OnboardingViewController.swift */ = {isa = PBXFileReference; lastKnownFileType = sourcecode.swift; path = OnboardingViewController.swift; sourceTree = "<group>"; };
		2C696FAD2458A12000B6BFC9 /* HowTo.app */ = {isa = PBXFileReference; explicitFileType = wrapper.application; includeInIndex = 0; path = HowTo.app; sourceTree = BUILT_PRODUCTS_DIR; };
		2C696FB02458A12000B6BFC9 /* AppDelegate.swift */ = {isa = PBXFileReference; lastKnownFileType = sourcecode.swift; path = AppDelegate.swift; sourceTree = "<group>"; };
		2C696FB22458A12000B6BFC9 /* SceneDelegate.swift */ = {isa = PBXFileReference; lastKnownFileType = sourcecode.swift; path = SceneDelegate.swift; sourceTree = "<group>"; };
		2C696FB72458A12000B6BFC9 /* Base */ = {isa = PBXFileReference; lastKnownFileType = file.storyboard; name = Base; path = Base.lproj/Main.storyboard; sourceTree = "<group>"; };
		2C696FB92458A12200B6BFC9 /* Assets.xcassets */ = {isa = PBXFileReference; lastKnownFileType = folder.assetcatalog; path = Assets.xcassets; sourceTree = "<group>"; };
		2C696FBC2458A12200B6BFC9 /* Base */ = {isa = PBXFileReference; lastKnownFileType = file.storyboard; name = Base; path = Base.lproj/LaunchScreen.storyboard; sourceTree = "<group>"; };
		2C696FBE2458A12200B6BFC9 /* Info.plist */ = {isa = PBXFileReference; lastKnownFileType = text.plist.xml; path = Info.plist; sourceTree = "<group>"; };
		2C7646DE2458ACCA00AE26EB /* Play-Bold.ttf */ = {isa = PBXFileReference; lastKnownFileType = file; path = "Play-Bold.ttf"; sourceTree = "<group>"; };
		2C7646DF2458ACCA00AE26EB /* Oswald-Bold.ttf */ = {isa = PBXFileReference; lastKnownFileType = file; path = "Oswald-Bold.ttf"; sourceTree = "<group>"; };
		2C7646E02458ACCA00AE26EB /* Play-Regular.ttf */ = {isa = PBXFileReference; lastKnownFileType = file; path = "Play-Regular.ttf"; sourceTree = "<group>"; };
		2C7646E12458ACCA00AE26EB /* Caudex-Bold.ttf */ = {isa = PBXFileReference; lastKnownFileType = file; path = "Caudex-Bold.ttf"; sourceTree = "<group>"; };
		2C7646E22458ACCA00AE26EB /* Caudex-Regular.ttf */ = {isa = PBXFileReference; lastKnownFileType = file; path = "Caudex-Regular.ttf"; sourceTree = "<group>"; };
		2C7646F62458BD6800AE26EB /* GoogleService-Info.plist */ = {isa = PBXFileReference; fileEncoding = 4; lastKnownFileType = text.plist.xml; path = "GoogleService-Info.plist"; sourceTree = "<group>"; };
		2CD57B86245A69F900388B30 /* TutorialDetailViewController.swift */ = {isa = PBXFileReference; lastKnownFileType = sourcecode.swift; path = TutorialDetailViewController.swift; sourceTree = "<group>"; };
		2CD57B88245A6DB800388B30 /* TutorialTableViewCell.swift */ = {isa = PBXFileReference; lastKnownFileType = sourcecode.swift; path = TutorialTableViewCell.swift; sourceTree = "<group>"; };
		2CD57B8A245A715500388B30 /* OnboardingTextField.swift */ = {isa = PBXFileReference; fileEncoding = 4; lastKnownFileType = sourcecode.swift; path = OnboardingTextField.swift; sourceTree = "<group>"; };
		59905A12DE78EEA66077DE52 /* Pods_HowTo.framework */ = {isa = PBXFileReference; explicitFileType = wrapper.framework; includeInIndex = 0; path = Pods_HowTo.framework; sourceTree = BUILT_PRODUCTS_DIR; };
		5E2C6DEC2205C63361F0AE50 /* Pods-HowTo.debug.xcconfig */ = {isa = PBXFileReference; includeInIndex = 1; lastKnownFileType = text.xcconfig; name = "Pods-HowTo.debug.xcconfig"; path = "Target Support Files/Pods-HowTo/Pods-HowTo.debug.xcconfig"; sourceTree = "<group>"; };
		6A4A261AD6A3023F0ED4C341 /* Pods-HowTo.release.xcconfig */ = {isa = PBXFileReference; includeInIndex = 1; lastKnownFileType = text.xcconfig; name = "Pods-HowTo.release.xcconfig"; path = "Target Support Files/Pods-HowTo/Pods-HowTo.release.xcconfig"; sourceTree = "<group>"; };
		994DA1F7245A13B100FF932F /* Bearer.swift */ = {isa = PBXFileReference; lastKnownFileType = sourcecode.swift; path = Bearer.swift; sourceTree = "<group>"; };
		99824F082458DDEC0065AB1B /* UserRepresentation.swift */ = {isa = PBXFileReference; lastKnownFileType = sourcecode.swift; path = UserRepresentation.swift; sourceTree = "<group>"; };
		99824F0A2458DE500065AB1B /* TutorialRepresentation.swift */ = {isa = PBXFileReference; lastKnownFileType = sourcecode.swift; path = TutorialRepresentation.swift; sourceTree = "<group>"; };
		99824F0C2458DF560065AB1B /* CoreDataStack.swift */ = {isa = PBXFileReference; lastKnownFileType = sourcecode.swift; path = CoreDataStack.swift; sourceTree = "<group>"; };
		99A73F34245B5CFE00092B5B /* Guides.xcdatamodel */ = {isa = PBXFileReference; lastKnownFileType = wrapper.xcdatamodel; path = Guides.xcdatamodel; sourceTree = "<group>"; };
		99AAE4A82459095500424019 /* TutorialController.swift */ = {isa = PBXFileReference; lastKnownFileType = sourcecode.swift; path = TutorialController.swift; sourceTree = "<group>"; };
/* End PBXFileReference section */

/* Begin PBXFrameworksBuildPhase section */
		2C696FAA2458A12000B6BFC9 /* Frameworks */ = {
			isa = PBXFrameworksBuildPhase;
			buildActionMask = 2147483647;
			files = (
				EF58345285F435652FE3C695 /* Pods_HowTo.framework in Frameworks */,
			);
			runOnlyForDeploymentPostprocessing = 0;
		};
/* End PBXFrameworksBuildPhase section */

/* Begin PBXGroup section */
		2C696FA42458A12000B6BFC9 = {
			isa = PBXGroup;
			children = (
				2C696FAF2458A12000B6BFC9 /* HowTo */,
				2C696FAE2458A12000B6BFC9 /* Products */,
				CCA8F8DE3B3B4A5F2147764C /* Pods */,
				53C092AA3471291C70F0350C /* Frameworks */,
			);
			sourceTree = "<group>";
		};
		2C696FAE2458A12000B6BFC9 /* Products */ = {
			isa = PBXGroup;
			children = (
				2C696FAD2458A12000B6BFC9 /* HowTo.app */,
			);
			name = Products;
			sourceTree = "<group>";
		};
		2C696FAF2458A12000B6BFC9 /* HowTo */ = {
			isa = PBXGroup;
			children = (
				2C7646D92458AC6A00AE26EB /* Application */,
				2C7646DA2458AC7D00AE26EB /* Storyboards */,
				2C7646E92458AD0500AE26EB /* Models */,
				2C7646EA2458AD1700AE26EB /* Views */,
				2C7646EB2458AD2800AE26EB /* Model Controllers */,
				2C7646EC2458AD3500AE26EB /* View Controllers */,
				2C7646ED2458AD4100AE26EB /* Helpers */,
				2C7646DB2458AC9200AE26EB /* Resources */,
			);
			path = HowTo;
			sourceTree = "<group>";
		};
		2C7646D92458AC6A00AE26EB /* Application */ = {
			isa = PBXGroup;
			children = (
				2C696FB02458A12000B6BFC9 /* AppDelegate.swift */,
				2C696FB22458A12000B6BFC9 /* SceneDelegate.swift */,
			);
			name = Application;
			sourceTree = "<group>";
		};
		2C7646DA2458AC7D00AE26EB /* Storyboards */ = {
			isa = PBXGroup;
			children = (
				2C696FBB2458A12200B6BFC9 /* LaunchScreen.storyboard */,
				2C696FB62458A12000B6BFC9 /* Main.storyboard */,
			);
			name = Storyboards;
			sourceTree = "<group>";
		};
		2C7646DB2458AC9200AE26EB /* Resources */ = {
			isa = PBXGroup;
			children = (
				2C7646E82458ACCF00AE26EB /* Fonts */,
				2C696FB92458A12200B6BFC9 /* Assets.xcassets */,
				2C696FBE2458A12200B6BFC9 /* Info.plist */,
				2C7646F62458BD6800AE26EB /* GoogleService-Info.plist */,
			);
			name = Resources;
			sourceTree = "<group>";
		};
		2C7646E82458ACCF00AE26EB /* Fonts */ = {
			isa = PBXGroup;
			children = (
				2C7646E12458ACCA00AE26EB /* Caudex-Bold.ttf */,
				2C7646E22458ACCA00AE26EB /* Caudex-Regular.ttf */,
				2C7646DF2458ACCA00AE26EB /* Oswald-Bold.ttf */,
				2C7646DE2458ACCA00AE26EB /* Play-Bold.ttf */,
				2C7646E02458ACCA00AE26EB /* Play-Regular.ttf */,
			);
			name = Fonts;
			sourceTree = "<group>";
		};
		2C7646E92458AD0500AE26EB /* Models */ = {
			isa = PBXGroup;
			children = (
				99824F0C2458DF560065AB1B /* CoreDataStack.swift */,
				99A73F33245B5CFE00092B5B /* Guides.xcdatamodeld */,
				99824F0A2458DE500065AB1B /* TutorialRepresentation.swift */,
				99824F082458DDEC0065AB1B /* UserRepresentation.swift */,
				2C106FCB2458E88D0046A91A /* Tutorial+Convenience.swift */,
				2C106FCD245900350046A91A /* User+Convenience.swift */,
				994DA1F7245A13B100FF932F /* Bearer.swift */,
			);
			name = Models;
			sourceTree = "<group>";
		};
		2C7646EA2458AD1700AE26EB /* Views */ = {
			isa = PBXGroup;
			children = (
				2CD57B88245A6DB800388B30 /* TutorialTableViewCell.swift */,
			);
			name = Views;
			sourceTree = "<group>";
		};
		2C7646EB2458AD2800AE26EB /* Model Controllers */ = {
			isa = PBXGroup;
			children = (
				99AAE4A82459095500424019 /* TutorialController.swift */,
				2C43351B2459FB1900485A74 /* UserController.swift */,
			);
			name = "Model Controllers";
			sourceTree = "<group>";
		};
		2C7646EC2458AD3500AE26EB /* View Controllers */ = {
			isa = PBXGroup;
			children = (
				2C43351D245A1F8600485A74 /* HomeScreenTableViewController.swift */,
				2C43351F245A250C00485A74 /* CreateTutorialViewController.swift */,
				2C433523245A67F300485A74 /* OnboardingViewController.swift */,
				2CD57B86245A69F900388B30 /* TutorialDetailViewController.swift */,
			);
			name = "View Controllers";
			sourceTree = "<group>";
		};
		2C7646ED2458AD4100AE26EB /* Helpers */ = {
			isa = PBXGroup;
			children = (
				2CD57B8A245A715500388B30 /* OnboardingTextField.swift */,
			);
			name = Helpers;
			sourceTree = "<group>";
		};
		53C092AA3471291C70F0350C /* Frameworks */ = {
			isa = PBXGroup;
			children = (
				59905A12DE78EEA66077DE52 /* Pods_HowTo.framework */,
			);
			name = Frameworks;
			sourceTree = "<group>";
		};
		CCA8F8DE3B3B4A5F2147764C /* Pods */ = {
			isa = PBXGroup;
			children = (
				5E2C6DEC2205C63361F0AE50 /* Pods-HowTo.debug.xcconfig */,
				6A4A261AD6A3023F0ED4C341 /* Pods-HowTo.release.xcconfig */,
			);
			path = Pods;
			sourceTree = "<group>";
		};
/* End PBXGroup section */

/* Begin PBXNativeTarget section */
		2C696FAC2458A12000B6BFC9 /* HowTo */ = {
			isa = PBXNativeTarget;
			buildConfigurationList = 2C696FC12458A12200B6BFC9 /* Build configuration list for PBXNativeTarget "HowTo" */;
			buildPhases = (
				A60E261C3970BDEBDF2117B6 /* [CP] Check Pods Manifest.lock */,
				2C696FA92458A12000B6BFC9 /* Sources */,
				2C696FAA2458A12000B6BFC9 /* Frameworks */,
				2C696FAB2458A12000B6BFC9 /* Resources */,
				2C7646F82458BFF000AE26EB /* ShellScript */,
				DAF5B7155A5CD71F77941297 /* [CP] Embed Pods Frameworks */,
			);
			buildRules = (
			);
			dependencies = (
			);
			name = HowTo;
			productName = HowTo;
			productReference = 2C696FAD2458A12000B6BFC9 /* HowTo.app */;
			productType = "com.apple.product-type.application";
		};
/* End PBXNativeTarget section */

/* Begin PBXProject section */
		2C696FA52458A12000B6BFC9 /* Project object */ = {
			isa = PBXProject;
			attributes = {
				LastSwiftUpdateCheck = 1130;
				LastUpgradeCheck = 1130;
				ORGANIZATIONNAME = "Tobi Kuyoro";
				TargetAttributes = {
					2C696FAC2458A12000B6BFC9 = {
						CreatedOnToolsVersion = 11.3;
					};
				};
			};
			buildConfigurationList = 2C696FA82458A12000B6BFC9 /* Build configuration list for PBXProject "HowTo" */;
			compatibilityVersion = "Xcode 9.3";
			developmentRegion = en;
			hasScannedForEncodings = 0;
			knownRegions = (
				en,
				Base,
			);
			mainGroup = 2C696FA42458A12000B6BFC9;
			productRefGroup = 2C696FAE2458A12000B6BFC9 /* Products */;
			projectDirPath = "";
			projectRoot = "";
			targets = (
				2C696FAC2458A12000B6BFC9 /* HowTo */,
			);
		};
/* End PBXProject section */

/* Begin PBXResourcesBuildPhase section */
		2C696FAB2458A12000B6BFC9 /* Resources */ = {
			isa = PBXResourcesBuildPhase;
			buildActionMask = 2147483647;
			files = (
				2C696FBD2458A12200B6BFC9 /* LaunchScreen.storyboard in Resources */,
				2C7646F72458BD6800AE26EB /* GoogleService-Info.plist in Resources */,
				2C7646E52458ACCA00AE26EB /* Play-Regular.ttf in Resources */,
				2C7646E42458ACCA00AE26EB /* Oswald-Bold.ttf in Resources */,
				2C7646E62458ACCA00AE26EB /* Caudex-Bold.ttf in Resources */,
				2C7646E32458ACCA00AE26EB /* Play-Bold.ttf in Resources */,
				2C696FBA2458A12200B6BFC9 /* Assets.xcassets in Resources */,
				2C696FB82458A12000B6BFC9 /* Main.storyboard in Resources */,
				2C7646E72458ACCA00AE26EB /* Caudex-Regular.ttf in Resources */,
			);
			runOnlyForDeploymentPostprocessing = 0;
		};
/* End PBXResourcesBuildPhase section */

/* Begin PBXShellScriptBuildPhase section */
		2C7646F82458BFF000AE26EB /* ShellScript */ = {
			isa = PBXShellScriptBuildPhase;
			buildActionMask = 2147483647;
			files = (
			);
			inputFileListPaths = (
			);
			inputPaths = (
			);
			outputFileListPaths = (
			);
			outputPaths = (
			);
			runOnlyForDeploymentPostprocessing = 0;
			shellPath = /bin/sh;
			shellScript = "# Type a script or drag a script file from your workspace to insert its path.\nif which swiftlint >/dev/null; then\n  swiftlint\nelse\n    echo \"warning: SwiftLint not installed, download from https://github.com/realm/SwiftLint\"\nfi\n";
		};
		A60E261C3970BDEBDF2117B6 /* [CP] Check Pods Manifest.lock */ = {
			isa = PBXShellScriptBuildPhase;
			buildActionMask = 2147483647;
			files = (
			);
			inputFileListPaths = (
			);
			inputPaths = (
				"${PODS_PODFILE_DIR_PATH}/Podfile.lock",
				"${PODS_ROOT}/Manifest.lock",
			);
			name = "[CP] Check Pods Manifest.lock";
			outputFileListPaths = (
			);
			outputPaths = (
				"$(DERIVED_FILE_DIR)/Pods-HowTo-checkManifestLockResult.txt",
			);
			runOnlyForDeploymentPostprocessing = 0;
			shellPath = /bin/sh;
			shellScript = "diff \"${PODS_PODFILE_DIR_PATH}/Podfile.lock\" \"${PODS_ROOT}/Manifest.lock\" > /dev/null\nif [ $? != 0 ] ; then\n    # print error to STDERR\n    echo \"error: The sandbox is not in sync with the Podfile.lock. Run 'pod install' or update your CocoaPods installation.\" >&2\n    exit 1\nfi\n# This output is used by Xcode 'outputs' to avoid re-running this script phase.\necho \"SUCCESS\" > \"${SCRIPT_OUTPUT_FILE_0}\"\n";
			showEnvVarsInLog = 0;
		};
		DAF5B7155A5CD71F77941297 /* [CP] Embed Pods Frameworks */ = {
			isa = PBXShellScriptBuildPhase;
			buildActionMask = 2147483647;
			files = (
			);
			inputFileListPaths = (
				"${PODS_ROOT}/Target Support Files/Pods-HowTo/Pods-HowTo-frameworks-${CONFIGURATION}-input-files.xcfilelist",
			);
			name = "[CP] Embed Pods Frameworks";
			outputFileListPaths = (
				"${PODS_ROOT}/Target Support Files/Pods-HowTo/Pods-HowTo-frameworks-${CONFIGURATION}-output-files.xcfilelist",
			);
			runOnlyForDeploymentPostprocessing = 0;
			shellPath = /bin/sh;
			shellScript = "\"${PODS_ROOT}/Target Support Files/Pods-HowTo/Pods-HowTo-frameworks.sh\"\n";
			showEnvVarsInLog = 0;
		};
/* End PBXShellScriptBuildPhase section */

/* Begin PBXSourcesBuildPhase section */
		2C696FA92458A12000B6BFC9 /* Sources */ = {
			isa = PBXSourcesBuildPhase;
			buildActionMask = 2147483647;
			files = (
				994DA1F8245A13B100FF932F /* Bearer.swift in Sources */,
				2C106FCE245900350046A91A /* User+Convenience.swift in Sources */,
				2C433520245A250C00485A74 /* CreateTutorialViewController.swift in Sources */,
				2C696FB12458A12000B6BFC9 /* AppDelegate.swift in Sources */,
				2C43351C2459FB1900485A74 /* UserController.swift in Sources */,
				99824F0D2458DF560065AB1B /* CoreDataStack.swift in Sources */,
				2C106FCC2458E88D0046A91A /* Tutorial+Convenience.swift in Sources */,
				2C43351E245A1F8600485A74 /* HomeScreenTableViewController.swift in Sources */,
				2C696FB32458A12000B6BFC9 /* SceneDelegate.swift in Sources */,
				99824F092458DDEC0065AB1B /* UserRepresentation.swift in Sources */,
				2CD57B87245A69F900388B30 /* TutorialDetailViewController.swift in Sources */,
				2CD57B8B245A715500388B30 /* OnboardingTextField.swift in Sources */,
				2C433524245A67F300485A74 /* OnboardingViewController.swift in Sources */,
				2CD57B89245A6DB800388B30 /* TutorialTableViewCell.swift in Sources */,
				99824F0B2458DE500065AB1B /* TutorialRepresentation.swift in Sources */,
				99AAE4A92459095500424019 /* TutorialController.swift in Sources */,
				99A73F35245B5CFE00092B5B /* Guides.xcdatamodeld in Sources */,
			);
			runOnlyForDeploymentPostprocessing = 0;
		};
/* End PBXSourcesBuildPhase section */

/* Begin PBXVariantGroup section */
		2C696FB62458A12000B6BFC9 /* Main.storyboard */ = {
			isa = PBXVariantGroup;
			children = (
				2C696FB72458A12000B6BFC9 /* Base */,
			);
			name = Main.storyboard;
			sourceTree = "<group>";
		};
		2C696FBB2458A12200B6BFC9 /* LaunchScreen.storyboard */ = {
			isa = PBXVariantGroup;
			children = (
				2C696FBC2458A12200B6BFC9 /* Base */,
			);
			name = LaunchScreen.storyboard;
			sourceTree = "<group>";
		};
/* End PBXVariantGroup section */

/* Begin XCBuildConfiguration section */
		2C696FBF2458A12200B6BFC9 /* Debug */ = {
			isa = XCBuildConfiguration;
			buildSettings = {
				ALWAYS_SEARCH_USER_PATHS = NO;
				CLANG_ANALYZER_NONNULL = YES;
				CLANG_ANALYZER_NUMBER_OBJECT_CONVERSION = YES_AGGRESSIVE;
				CLANG_CXX_LANGUAGE_STANDARD = "gnu++14";
				CLANG_CXX_LIBRARY = "libc++";
				CLANG_ENABLE_MODULES = YES;
				CLANG_ENABLE_OBJC_ARC = YES;
				CLANG_ENABLE_OBJC_WEAK = YES;
				CLANG_WARN_BLOCK_CAPTURE_AUTORELEASING = YES;
				CLANG_WARN_BOOL_CONVERSION = YES;
				CLANG_WARN_COMMA = YES;
				CLANG_WARN_CONSTANT_CONVERSION = YES;
				CLANG_WARN_DEPRECATED_OBJC_IMPLEMENTATIONS = YES;
				CLANG_WARN_DIRECT_OBJC_ISA_USAGE = YES_ERROR;
				CLANG_WARN_DOCUMENTATION_COMMENTS = YES;
				CLANG_WARN_EMPTY_BODY = YES;
				CLANG_WARN_ENUM_CONVERSION = YES;
				CLANG_WARN_INFINITE_RECURSION = YES;
				CLANG_WARN_INT_CONVERSION = YES;
				CLANG_WARN_NON_LITERAL_NULL_CONVERSION = YES;
				CLANG_WARN_OBJC_IMPLICIT_RETAIN_SELF = YES;
				CLANG_WARN_OBJC_LITERAL_CONVERSION = YES;
				CLANG_WARN_OBJC_ROOT_CLASS = YES_ERROR;
				CLANG_WARN_RANGE_LOOP_ANALYSIS = YES;
				CLANG_WARN_STRICT_PROTOTYPES = YES;
				CLANG_WARN_SUSPICIOUS_MOVE = YES;
				CLANG_WARN_UNGUARDED_AVAILABILITY = YES_AGGRESSIVE;
				CLANG_WARN_UNREACHABLE_CODE = YES;
				CLANG_WARN__DUPLICATE_METHOD_MATCH = YES;
				COPY_PHASE_STRIP = NO;
				DEBUG_INFORMATION_FORMAT = dwarf;
				ENABLE_STRICT_OBJC_MSGSEND = YES;
				ENABLE_TESTABILITY = YES;
				GCC_C_LANGUAGE_STANDARD = gnu11;
				GCC_DYNAMIC_NO_PIC = YES;
				GCC_NO_COMMON_BLOCKS = YES;
				GCC_OPTIMIZATION_LEVEL = 0;
				GCC_PREPROCESSOR_DEFINITIONS = (
					"DEBUG=1",
					"$(inherited)",
				);
				GCC_WARN_64_TO_32_BIT_CONVERSION = YES;
				GCC_WARN_ABOUT_RETURN_TYPE = YES_ERROR;
				GCC_WARN_UNDECLARED_SELECTOR = YES;
				GCC_WARN_UNINITIALIZED_AUTOS = YES_AGGRESSIVE;
				GCC_WARN_UNUSED_FUNCTION = YES;
				GCC_WARN_UNUSED_VARIABLE = YES;
				IPHONEOS_DEPLOYMENT_TARGET = 13.2;
				MTL_ENABLE_DEBUG_INFO = INCLUDE_SOURCE;
				MTL_FAST_MATH = YES;
				ONLY_ACTIVE_ARCH = YES;
				SDKROOT = iphoneos;
				SWIFT_ACTIVE_COMPILATION_CONDITIONS = DEBUG;
				SWIFT_OPTIMIZATION_LEVEL = "-Onone";
			};
			name = Debug;
		};
		2C696FC02458A12200B6BFC9 /* Release */ = {
			isa = XCBuildConfiguration;
			buildSettings = {
				ALWAYS_SEARCH_USER_PATHS = NO;
				CLANG_ANALYZER_NONNULL = YES;
				CLANG_ANALYZER_NUMBER_OBJECT_CONVERSION = YES_AGGRESSIVE;
				CLANG_CXX_LANGUAGE_STANDARD = "gnu++14";
				CLANG_CXX_LIBRARY = "libc++";
				CLANG_ENABLE_MODULES = YES;
				CLANG_ENABLE_OBJC_ARC = YES;
				CLANG_ENABLE_OBJC_WEAK = YES;
				CLANG_WARN_BLOCK_CAPTURE_AUTORELEASING = YES;
				CLANG_WARN_BOOL_CONVERSION = YES;
				CLANG_WARN_COMMA = YES;
				CLANG_WARN_CONSTANT_CONVERSION = YES;
				CLANG_WARN_DEPRECATED_OBJC_IMPLEMENTATIONS = YES;
				CLANG_WARN_DIRECT_OBJC_ISA_USAGE = YES_ERROR;
				CLANG_WARN_DOCUMENTATION_COMMENTS = YES;
				CLANG_WARN_EMPTY_BODY = YES;
				CLANG_WARN_ENUM_CONVERSION = YES;
				CLANG_WARN_INFINITE_RECURSION = YES;
				CLANG_WARN_INT_CONVERSION = YES;
				CLANG_WARN_NON_LITERAL_NULL_CONVERSION = YES;
				CLANG_WARN_OBJC_IMPLICIT_RETAIN_SELF = YES;
				CLANG_WARN_OBJC_LITERAL_CONVERSION = YES;
				CLANG_WARN_OBJC_ROOT_CLASS = YES_ERROR;
				CLANG_WARN_RANGE_LOOP_ANALYSIS = YES;
				CLANG_WARN_STRICT_PROTOTYPES = YES;
				CLANG_WARN_SUSPICIOUS_MOVE = YES;
				CLANG_WARN_UNGUARDED_AVAILABILITY = YES_AGGRESSIVE;
				CLANG_WARN_UNREACHABLE_CODE = YES;
				CLANG_WARN__DUPLICATE_METHOD_MATCH = YES;
				COPY_PHASE_STRIP = NO;
				DEBUG_INFORMATION_FORMAT = "dwarf-with-dsym";
				ENABLE_NS_ASSERTIONS = NO;
				ENABLE_STRICT_OBJC_MSGSEND = YES;
				GCC_C_LANGUAGE_STANDARD = gnu11;
				GCC_DYNAMIC_NO_PIC = YES;
				GCC_NO_COMMON_BLOCKS = YES;
				GCC_WARN_64_TO_32_BIT_CONVERSION = YES;
				GCC_WARN_ABOUT_RETURN_TYPE = YES_ERROR;
				GCC_WARN_UNDECLARED_SELECTOR = YES;
				GCC_WARN_UNINITIALIZED_AUTOS = YES_AGGRESSIVE;
				GCC_WARN_UNUSED_FUNCTION = YES;
				GCC_WARN_UNUSED_VARIABLE = YES;
				IPHONEOS_DEPLOYMENT_TARGET = 13.2;
				MTL_ENABLE_DEBUG_INFO = NO;
				MTL_FAST_MATH = YES;
				SDKROOT = iphoneos;
				SWIFT_COMPILATION_MODE = wholemodule;
				SWIFT_OPTIMIZATION_LEVEL = "-O";
				VALIDATE_PRODUCT = YES;
			};
			name = Release;
		};
		2C696FC22458A12200B6BFC9 /* Debug */ = {
			isa = XCBuildConfiguration;
			baseConfigurationReference = 5E2C6DEC2205C63361F0AE50 /* Pods-HowTo.debug.xcconfig */;
			buildSettings = {
				ASSETCATALOG_COMPILER_APPICON_NAME = AppIcon;
				CODE_SIGN_IDENTITY = "iPhone Distribution";
				CODE_SIGN_STYLE = Manual;
				DEVELOPMENT_TEAM = VXUQXR6S56;
				INFOPLIST_FILE = HowTo/Info.plist;
				LD_RUNPATH_SEARCH_PATHS = (
					"$(inherited)",
					"@executable_path/Frameworks",
				);
				PRODUCT_BUNDLE_IDENTIFIER = "com.tobikuyoro.howto-bw";
				PRODUCT_NAME = "$(TARGET_NAME)";
				PROVISIONING_PROFILE_SPECIFIER = "HowTo BW Tobi Tselios App Store Provisioning Prof";
				SWIFT_VERSION = 5.0;
				TARGETED_DEVICE_FAMILY = 1;
			};
			name = Debug;
		};
		2C696FC32458A12200B6BFC9 /* Release */ = {
			isa = XCBuildConfiguration;
			baseConfigurationReference = 6A4A261AD6A3023F0ED4C341 /* Pods-HowTo.release.xcconfig */;
			buildSettings = {
				ASSETCATALOG_COMPILER_APPICON_NAME = AppIcon;
				CODE_SIGN_IDENTITY = "iPhone Distribution";
				CODE_SIGN_STYLE = Manual;
				DEVELOPMENT_TEAM = VXUQXR6S56;
				INFOPLIST_FILE = HowTo/Info.plist;
				LD_RUNPATH_SEARCH_PATHS = (
					"$(inherited)",
					"@executable_path/Frameworks",
				);
				PRODUCT_BUNDLE_IDENTIFIER = "com.tobikuyoro.howto-bw";
				PRODUCT_NAME = "$(TARGET_NAME)";
				PROVISIONING_PROFILE_SPECIFIER = "HowTo BW Tobi Tselios App Store Provisioning Prof";
				SWIFT_VERSION = 5.0;
				TARGETED_DEVICE_FAMILY = 1;
			};
			name = Release;
		};
/* End XCBuildConfiguration section */

/* Begin XCConfigurationList section */
		2C696FA82458A12000B6BFC9 /* Build configuration list for PBXProject "HowTo" */ = {
			isa = XCConfigurationList;
			buildConfigurations = (
				2C696FBF2458A12200B6BFC9 /* Debug */,
				2C696FC02458A12200B6BFC9 /* Release */,
			);
			defaultConfigurationIsVisible = 0;
			defaultConfigurationName = Release;
		};
		2C696FC12458A12200B6BFC9 /* Build configuration list for PBXNativeTarget "HowTo" */ = {
			isa = XCConfigurationList;
			buildConfigurations = (
				2C696FC22458A12200B6BFC9 /* Debug */,
				2C696FC32458A12200B6BFC9 /* Release */,
			);
			defaultConfigurationIsVisible = 0;
			defaultConfigurationName = Release;
		};
/* End XCConfigurationList section */

/* Begin XCVersionGroup section */
		99A73F33245B5CFE00092B5B /* Guides.xcdatamodeld */ = {
			isa = XCVersionGroup;
			children = (
				99A73F34245B5CFE00092B5B /* Guides.xcdatamodel */,
			);
			currentVersion = 99A73F34245B5CFE00092B5B /* Guides.xcdatamodel */;
			path = Guides.xcdatamodeld;
			sourceTree = "<group>";
			versionGroupType = wrapper.xcdatamodel;
		};
/* End XCVersionGroup section */
	};
	rootObject = 2C696FA52458A12000B6BFC9 /* Project object */;
}
